<?xml version="1.0" encoding="utf-8"?>
<Project ToolsVersion="14.0" xmlns="http://schemas.microsoft.com/developer/msbuild/2003">
  <ItemGroup>
    <Filter Include="Common">
      <UniqueIdentifier>ec1d56ca-b8f1-4014-ab09-5c67281faf75</UniqueIdentifier>
    </Filter>
    <Filter Include="Assets">
      <UniqueIdentifier>2e691537-1035-4e9b-81d0-0181a62db9dc</UniqueIdentifier>
      <Extensions>bmp;fbx;gif;jpg;jpeg;tga;tiff;tif;png</Extensions>
    </Filter>
    <Image Include="Assets\Logo.scale-100.png">
      <Filter>Assets</Filter>
    </Image>
    <Image Include="Assets\SmallLogo.scale-100.png">
      <Filter>Assets</Filter>
    </Image>
    <Image Include="Assets\StoreLogo.scale-100.png">
      <Filter>Assets</Filter>
    </Image>
    <Image Include="Assets\SplashScreen.scale-100.png">
      <Filter>Assets</Filter>
    </Image>
  </ItemGroup>
</Project>
